// !$*UTF8*$!
{
	archiveVersion = 1;
	classes = {
	};
	objectVersion = 46;
	objects = {

/* Begin PBXBuildFile section */
		D5454F6D1BAC028C0059D4DC /* PubNativeLibrary.framework in Frameworks */ = {isa = PBXBuildFile; fileRef = D5454F6C1BAC028C0059D4DC /* PubNativeLibrary.framework */; };
		D5454F6E1BAC028C0059D4DC /* PubNativeLibrary.framework in Embed Frameworks */ = {isa = PBXBuildFile; fileRef = D5454F6C1BAC028C0059D4DC /* PubNativeLibrary.framework */; settings = {ATTRIBUTES = (CodeSignOnCopy, RemoveHeadersOnCopy, ); }; };
		D5454F781BAC08BC0059D4DC /* InterfaceController.m in Sources */ = {isa = PBXBuildFile; fileRef = D5454F771BAC08BC0059D4DC /* InterfaceController.m */; };
		D5454F7A1BAC08BC0059D4DC /* Assets.xcassets in Resources */ = {isa = PBXBuildFile; fileRef = D5454F791BAC08BC0059D4DC /* Assets.xcassets */; };
		D5454F7F1BAC08BC0059D4DC /* PubnativeDemo WatchKit 1 App.app in Resources */ = {isa = PBXBuildFile; fileRef = D5454F7E1BAC08BC0059D4DC /* PubnativeDemo WatchKit 1 App.app */; };
		D5454F851BAC08BC0059D4DC /* Interface.storyboard in Resources */ = {isa = PBXBuildFile; fileRef = D5454F831BAC08BC0059D4DC /* Interface.storyboard */; };
		D5454F871BAC08BC0059D4DC /* Assets.xcassets in Resources */ = {isa = PBXBuildFile; fileRef = D5454F861BAC08BC0059D4DC /* Assets.xcassets */; };
		D5454F8B1BAC08BC0059D4DC /* PubnativeDemo WatchKit 1 Extension.appex in Embed App Extensions */ = {isa = PBXBuildFile; fileRef = D5454F741BAC08BC0059D4DC /* PubnativeDemo WatchKit 1 Extension.appex */; settings = {ATTRIBUTES = (RemoveHeadersOnCopy, ); }; };
		D5454F981BAC093F0059D4DC /* WKPNNativeAdModel.m in Sources */ = {isa = PBXBuildFile; fileRef = D5454F951BAC093F0059D4DC /* WKPNNativeAdModel.m */; settings = {ASSET_TAGS = (); }; };
		D5454F991BAC093F0059D4DC /* WKPubnative.m in Sources */ = {isa = PBXBuildFile; fileRef = D5454F971BAC093F0059D4DC /* WKPubnative.m */; settings = {ASSET_TAGS = (); }; };
		D552A99E1A84D8CD001AD194 /* EFApiModel.m in Sources */ = {isa = PBXBuildFile; fileRef = D552A99D1A84D8CD001AD194 /* EFApiModel.m */; };
		D552A9A11A84DAC7001AD194 /* EFEventModel.m in Sources */ = {isa = PBXBuildFile; fileRef = D552A9A01A84DAC7001AD194 /* EFEventModel.m */; };
		D552A9A41A84DBE5001AD194 /* EFEventsModel.m in Sources */ = {isa = PBXBuildFile; fileRef = D552A9A31A84DBE5001AD194 /* EFEventsModel.m */; };
		D552A9A71A84E1C0001AD194 /* EFPerformersModel.m in Sources */ = {isa = PBXBuildFile; fileRef = D552A9A61A84E1C0001AD194 /* EFPerformersModel.m */; };
		D552A9AA1A84E1F9001AD194 /* EFPerformerModel.m in Sources */ = {isa = PBXBuildFile; fileRef = D552A9A91A84E1F9001AD194 /* EFPerformerModel.m */; };
		D552A9AD1A84E3DF001AD194 /* EFImageModel.m in Sources */ = {isa = PBXBuildFile; fileRef = D552A9AC1A84E3DF001AD194 /* EFImageModel.m */; };
		D552A9B01A84E509001AD194 /* EFImageLargeModel.m in Sources */ = {isa = PBXBuildFile; fileRef = D552A9AF1A84E509001AD194 /* EFImageLargeModel.m */; };
		D56CCBF31A8A27450036EBDA /* EventTableViewCell.m in Sources */ = {isa = PBXBuildFile; fileRef = D56CCBF11A8A27450036EBDA /* EventTableViewCell.m */; };
		D56CCBF41A8A27450036EBDA /* EventTableViewCell.xib in Resources */ = {isa = PBXBuildFile; fileRef = D56CCBF21A8A27450036EBDA /* EventTableViewCell.xib */; };
		D56CCBF71A8A54F00036EBDA /* camera.png in Resources */ = {isa = PBXBuildFile; fileRef = D56CCBF51A8A54F00036EBDA /* camera.png */; };
		D56CCBF81A8A54F00036EBDA /* camera@2x.png in Resources */ = {isa = PBXBuildFile; fileRef = D56CCBF61A8A54F00036EBDA /* camera@2x.png */; };
		D570E6271A6FF29B0074EF4E /* FeedViewController.m in Sources */ = {isa = PBXBuildFile; fileRef = D570E6261A6FF29B0074EF4E /* FeedViewController.m */; };
		D5B9C9E41A7B8EC30042E53A /* SettingsViewController.m in Sources */ = {isa = PBXBuildFile; fileRef = D5B9C9E31A7B8EC30042E53A /* SettingsViewController.m */; };
		D5CC85831A83D25C00A392CF /* AdViewController.m in Sources */ = {isa = PBXBuildFile; fileRef = D5CC85821A83D25C00A392CF /* AdViewController.m */; };
		D5D65C681BA9769600BC1581 /* YADMApiCall.m in Sources */ = {isa = PBXBuildFile; fileRef = D5D65C5D1BA9769600BC1581 /* YADMApiCall.m */; settings = {ASSET_TAGS = (); }; };
		D5D65C691BA9769600BC1581 /* YADMApiCallResult.m in Sources */ = {isa = PBXBuildFile; fileRef = D5D65C601BA9769600BC1581 /* YADMApiCallResult.m */; settings = {ASSET_TAGS = (); }; };
		D5D65C6A1BA9769600BC1581 /* YADMJSONModelError.m in Sources */ = {isa = PBXBuildFile; fileRef = D5D65C621BA9769600BC1581 /* YADMJSONModelError.m */; settings = {ASSET_TAGS = (); }; };
		D5D65C6B1BA9769600BC1581 /* YADMJSONToDomainModelParser.m in Sources */ = {isa = PBXBuildFile; fileRef = D5D65C641BA9769600BC1581 /* YADMJSONToDomainModelParser.m */; settings = {ASSET_TAGS = (); }; };
		D5D65C6C1BA9769600BC1581 /* YADMJSONApiModel.m in Sources */ = {isa = PBXBuildFile; fileRef = D5D65C661BA9769600BC1581 /* YADMJSONApiModel.m */; settings = {ASSET_TAGS = (); }; };
		D5DD2D521A80D5B600FB31A0 /* XLFormBaseCell.m in Sources */ = {isa = PBXBuildFile; fileRef = D5DD2D0B1A80D5B600FB31A0 /* XLFormBaseCell.m */; };
		D5DD2D531A80D5B600FB31A0 /* XLFormButtonCell.m in Sources */ = {isa = PBXBuildFile; fileRef = D5DD2D0D1A80D5B600FB31A0 /* XLFormButtonCell.m */; };
		D5DD2D541A80D5B600FB31A0 /* XLFormCheckCell.m in Sources */ = {isa = PBXBuildFile; fileRef = D5DD2D0F1A80D5B600FB31A0 /* XLFormCheckCell.m */; };
		D5DD2D551A80D5B600FB31A0 /* XLFormDateCell.m in Sources */ = {isa = PBXBuildFile; fileRef = D5DD2D111A80D5B600FB31A0 /* XLFormDateCell.m */; };
		D5DD2D561A80D5B600FB31A0 /* XLFormDatePickerCell.m in Sources */ = {isa = PBXBuildFile; fileRef = D5DD2D131A80D5B600FB31A0 /* XLFormDatePickerCell.m */; };
		D5DD2D571A80D5B600FB31A0 /* XLFormInlineSelectorCell.m in Sources */ = {isa = PBXBuildFile; fileRef = D5DD2D171A80D5B600FB31A0 /* XLFormInlineSelectorCell.m */; };
		D5DD2D581A80D5B600FB31A0 /* XLFormLeftRightSelectorCell.m in Sources */ = {isa = PBXBuildFile; fileRef = D5DD2D191A80D5B600FB31A0 /* XLFormLeftRightSelectorCell.m */; };
		D5DD2D591A80D5B600FB31A0 /* XLFormPickerCell.m in Sources */ = {isa = PBXBuildFile; fileRef = D5DD2D1B1A80D5B600FB31A0 /* XLFormPickerCell.m */; };
		D5DD2D5A1A80D5B600FB31A0 /* XLFormSegmentedCell.m in Sources */ = {isa = PBXBuildFile; fileRef = D5DD2D1D1A80D5B600FB31A0 /* XLFormSegmentedCell.m */; };
		D5DD2D5B1A80D5B600FB31A0 /* XLFormSelectorCell.m in Sources */ = {isa = PBXBuildFile; fileRef = D5DD2D1F1A80D5B600FB31A0 /* XLFormSelectorCell.m */; };
		D5DD2D5C1A80D5B600FB31A0 /* XLFormSliderCell.m in Sources */ = {isa = PBXBuildFile; fileRef = D5DD2D211A80D5B600FB31A0 /* XLFormSliderCell.m */; };
		D5DD2D5D1A80D5B600FB31A0 /* XLFormStepCounterCell.m in Sources */ = {isa = PBXBuildFile; fileRef = D5DD2D231A80D5B600FB31A0 /* XLFormStepCounterCell.m */; };
		D5DD2D5E1A80D5B600FB31A0 /* XLFormSwitchCell.m in Sources */ = {isa = PBXBuildFile; fileRef = D5DD2D251A80D5B600FB31A0 /* XLFormSwitchCell.m */; };
		D5DD2D5F1A80D5B600FB31A0 /* XLFormTextFieldCell.m in Sources */ = {isa = PBXBuildFile; fileRef = D5DD2D271A80D5B600FB31A0 /* XLFormTextFieldCell.m */; };
		D5DD2D601A80D5B600FB31A0 /* XLFormTextViewCell.m in Sources */ = {isa = PBXBuildFile; fileRef = D5DD2D291A80D5B600FB31A0 /* XLFormTextViewCell.m */; };
		D5DD2D611A80D5B600FB31A0 /* XLFormOptionsObject.m in Sources */ = {isa = PBXBuildFile; fileRef = D5DD2D2C1A80D5B600FB31A0 /* XLFormOptionsObject.m */; };
		D5DD2D621A80D5B600FB31A0 /* XLFormOptionsViewController.m in Sources */ = {isa = PBXBuildFile; fileRef = D5DD2D2E1A80D5B600FB31A0 /* XLFormOptionsViewController.m */; };
		D5DD2D631A80D5B600FB31A0 /* XLFormViewController.m in Sources */ = {isa = PBXBuildFile; fileRef = D5DD2D311A80D5B600FB31A0 /* XLFormViewController.m */; };
		D5DD2D641A80D5B600FB31A0 /* XLFormDescriptor.m in Sources */ = {isa = PBXBuildFile; fileRef = D5DD2D341A80D5B600FB31A0 /* XLFormDescriptor.m */; };
		D5DD2D651A80D5B600FB31A0 /* XLFormRowDescriptor.m in Sources */ = {isa = PBXBuildFile; fileRef = D5DD2D371A80D5B600FB31A0 /* XLFormRowDescriptor.m */; };
		D5DD2D661A80D5B600FB31A0 /* XLFormSectionDescriptor.m in Sources */ = {isa = PBXBuildFile; fileRef = D5DD2D391A80D5B600FB31A0 /* XLFormSectionDescriptor.m */; };
		D5DD2D671A80D5B600FB31A0 /* NSArray+XLFormAdditions.m in Sources */ = {isa = PBXBuildFile; fileRef = D5DD2D3C1A80D5B600FB31A0 /* NSArray+XLFormAdditions.m */; };
		D5DD2D681A80D5B600FB31A0 /* NSObject+XLFormAdditions.m in Sources */ = {isa = PBXBuildFile; fileRef = D5DD2D3E1A80D5B600FB31A0 /* NSObject+XLFormAdditions.m */; };
		D5DD2D691A80D5B600FB31A0 /* UIView+XLFormAdditions.m in Sources */ = {isa = PBXBuildFile; fileRef = D5DD2D401A80D5B600FB31A0 /* UIView+XLFormAdditions.m */; };
		D5DD2D6A1A80D5B600FB31A0 /* XLFormRightDetailCell.m in Sources */ = {isa = PBXBuildFile; fileRef = D5DD2D431A80D5B600FB31A0 /* XLFormRightDetailCell.m */; };
		D5DD2D6B1A80D5B600FB31A0 /* XLFormRightImageButton.m in Sources */ = {isa = PBXBuildFile; fileRef = D5DD2D451A80D5B600FB31A0 /* XLFormRightImageButton.m */; };
		D5DD2D6C1A80D5B600FB31A0 /* XLFormTextView.m in Sources */ = {isa = PBXBuildFile; fileRef = D5DD2D471A80D5B600FB31A0 /* XLFormTextView.m */; };
		D5DD2D6D1A80D5B600FB31A0 /* XLFormRegexValidator.m in Sources */ = {isa = PBXBuildFile; fileRef = D5DD2D4A1A80D5B600FB31A0 /* XLFormRegexValidator.m */; };
		D5DD2D6E1A80D5B600FB31A0 /* XLFormValidationStatus.m in Sources */ = {isa = PBXBuildFile; fileRef = D5DD2D4C1A80D5B600FB31A0 /* XLFormValidationStatus.m */; };
		D5DD2D6F1A80D5B600FB31A0 /* XLFormValidator.m in Sources */ = {isa = PBXBuildFile; fileRef = D5DD2D4E1A80D5B600FB31A0 /* XLFormValidator.m */; };
		D5DD2D701A80D5B600FB31A0 /* XLForm.m in Sources */ = {isa = PBXBuildFile; fileRef = D5DD2D511A80D5B600FB31A0 /* XLForm.m */; };
		D5E11A601A12177B001109A1 /* main.m in Sources */ = {isa = PBXBuildFile; fileRef = D5E11A5F1A12177B001109A1 /* main.m */; };
		D5E11A631A12177B001109A1 /* AppDelegate.m in Sources */ = {isa = PBXBuildFile; fileRef = D5E11A621A12177B001109A1 /* AppDelegate.m */; };
		D5E11A661A12177B001109A1 /* ViewController.m in Sources */ = {isa = PBXBuildFile; fileRef = D5E11A651A12177B001109A1 /* ViewController.m */; };
		D5E11A691A12177B001109A1 /* Main.storyboard in Resources */ = {isa = PBXBuildFile; fileRef = D5E11A671A12177B001109A1 /* Main.storyboard */; };
		D5E11A6B1A12177B001109A1 /* Images.xcassets in Resources */ = {isa = PBXBuildFile; fileRef = D5E11A6A1A12177B001109A1 /* Images.xcassets */; };
		D5E11A6E1A12177B001109A1 /* LaunchScreen.xib in Resources */ = {isa = PBXBuildFile; fileRef = D5E11A6C1A12177B001109A1 /* LaunchScreen.xib */; };
/* End PBXBuildFile section */

/* Begin PBXContainerItemProxy section */
		D5454F801BAC08BC0059D4DC /* PBXContainerItemProxy */ = {
			isa = PBXContainerItemProxy;
			containerPortal = D5E11A521A12177B001109A1 /* Project object */;
			proxyType = 1;
			remoteGlobalIDString = D5454F7D1BAC08BC0059D4DC;
			remoteInfo = "PubnativeDemo WatchKit 1 App";
		};
		D5454F891BAC08BC0059D4DC /* PBXContainerItemProxy */ = {
			isa = PBXContainerItemProxy;
			containerPortal = D5E11A521A12177B001109A1 /* Project object */;
			proxyType = 1;
			remoteGlobalIDString = D5454F731BAC08BC0059D4DC;
			remoteInfo = "PubnativeDemo WatchKit 1 Extension";
		};
/* End PBXContainerItemProxy section */

/* Begin PBXCopyFilesBuildPhase section */
		D50E4C761BA8727E006ED769 /* Embed Watch Content */ = {
			isa = PBXCopyFilesBuildPhase;
			buildActionMask = 2147483647;
			dstPath = "$(CONTENTS_FOLDER_PATH)/Watch";
			dstSubfolderSpec = 16;
			files = (
			);
			name = "Embed Watch Content";
			runOnlyForDeploymentPostprocessing = 0;
		};
		D5454F6F1BAC028D0059D4DC /* Embed Frameworks */ = {
			isa = PBXCopyFilesBuildPhase;
			buildActionMask = 2147483647;
			dstPath = "";
			dstSubfolderSpec = 10;
			files = (
				D5454F6E1BAC028C0059D4DC /* PubNativeLibrary.framework in Embed Frameworks */,
			);
			name = "Embed Frameworks";
			runOnlyForDeploymentPostprocessing = 0;
		};
		D5454F921BAC08BC0059D4DC /* Embed App Extensions */ = {
			isa = PBXCopyFilesBuildPhase;
			buildActionMask = 2147483647;
			dstPath = "";
			dstSubfolderSpec = 13;
			files = (
				D5454F8B1BAC08BC0059D4DC /* PubnativeDemo WatchKit 1 Extension.appex in Embed App Extensions */,
			);
			name = "Embed App Extensions";
			runOnlyForDeploymentPostprocessing = 0;
		};
/* End PBXCopyFilesBuildPhase section */

/* Begin PBXFileReference section */
		D5454F6C1BAC028C0059D4DC /* PubNativeLibrary.framework */ = {isa = PBXFileReference; lastKnownFileType = wrapper.framework; name = PubNativeLibrary.framework; path = "../build/Products/Debug-iphoneos/PubNativeLibrary.framework"; sourceTree = "<group>"; };
		D5454F741BAC08BC0059D4DC /* PubnativeDemo WatchKit 1 Extension.appex */ = {isa = PBXFileReference; explicitFileType = "wrapper.app-extension"; includeInIndex = 0; path = "PubnativeDemo WatchKit 1 Extension.appex"; sourceTree = BUILT_PRODUCTS_DIR; };
		D5454F761BAC08BC0059D4DC /* InterfaceController.h */ = {isa = PBXFileReference; lastKnownFileType = sourcecode.c.h; path = InterfaceController.h; sourceTree = "<group>"; };
		D5454F771BAC08BC0059D4DC /* InterfaceController.m */ = {isa = PBXFileReference; lastKnownFileType = sourcecode.c.objc; path = InterfaceController.m; sourceTree = "<group>"; };
		D5454F791BAC08BC0059D4DC /* Assets.xcassets */ = {isa = PBXFileReference; lastKnownFileType = folder.assetcatalog; path = Assets.xcassets; sourceTree = "<group>"; };
		D5454F7B1BAC08BC0059D4DC /* Info.plist */ = {isa = PBXFileReference; lastKnownFileType = text.plist.xml; path = Info.plist; sourceTree = "<group>"; };
		D5454F7E1BAC08BC0059D4DC /* PubnativeDemo WatchKit 1 App.app */ = {isa = PBXFileReference; explicitFileType = wrapper.application; includeInIndex = 0; path = "PubnativeDemo WatchKit 1 App.app"; sourceTree = BUILT_PRODUCTS_DIR; };
		D5454F841BAC08BC0059D4DC /* Base */ = {isa = PBXFileReference; lastKnownFileType = file.storyboard; name = Base; path = Base.lproj/Interface.storyboard; sourceTree = "<group>"; };
		D5454F861BAC08BC0059D4DC /* Assets.xcassets */ = {isa = PBXFileReference; lastKnownFileType = folder.assetcatalog; path = Assets.xcassets; sourceTree = "<group>"; };
		D5454F881BAC08BC0059D4DC /* Info.plist */ = {isa = PBXFileReference; lastKnownFileType = text.plist.xml; path = Info.plist; sourceTree = "<group>"; };
		D5454F941BAC093F0059D4DC /* WKPNNativeAdModel.h */ = {isa = PBXFileReference; fileEncoding = 4; lastKnownFileType = sourcecode.c.h; path = WKPNNativeAdModel.h; sourceTree = "<group>"; };
		D5454F951BAC093F0059D4DC /* WKPNNativeAdModel.m */ = {isa = PBXFileReference; fileEncoding = 4; lastKnownFileType = sourcecode.c.objc; path = WKPNNativeAdModel.m; sourceTree = "<group>"; };
		D5454F961BAC093F0059D4DC /* WKPubnative.h */ = {isa = PBXFileReference; fileEncoding = 4; lastKnownFileType = sourcecode.c.h; path = WKPubnative.h; sourceTree = "<group>"; };
		D5454F971BAC093F0059D4DC /* WKPubnative.m */ = {isa = PBXFileReference; fileEncoding = 4; lastKnownFileType = sourcecode.c.objc; path = WKPubnative.m; sourceTree = "<group>"; };
		D552A99C1A84D8CD001AD194 /* EFApiModel.h */ = {isa = PBXFileReference; fileEncoding = 4; lastKnownFileType = sourcecode.c.h; path = EFApiModel.h; sourceTree = "<group>"; };
		D552A99D1A84D8CD001AD194 /* EFApiModel.m */ = {isa = PBXFileReference; fileEncoding = 4; lastKnownFileType = sourcecode.c.objc; path = EFApiModel.m; sourceTree = "<group>"; };
		D552A99F1A84DAC7001AD194 /* EFEventModel.h */ = {isa = PBXFileReference; fileEncoding = 4; lastKnownFileType = sourcecode.c.h; path = EFEventModel.h; sourceTree = "<group>"; };
		D552A9A01A84DAC7001AD194 /* EFEventModel.m */ = {isa = PBXFileReference; fileEncoding = 4; lastKnownFileType = sourcecode.c.objc; path = EFEventModel.m; sourceTree = "<group>"; };
		D552A9A21A84DBE5001AD194 /* EFEventsModel.h */ = {isa = PBXFileReference; fileEncoding = 4; lastKnownFileType = sourcecode.c.h; path = EFEventsModel.h; sourceTree = "<group>"; };
		D552A9A31A84DBE5001AD194 /* EFEventsModel.m */ = {isa = PBXFileReference; fileEncoding = 4; lastKnownFileType = sourcecode.c.objc; path = EFEventsModel.m; sourceTree = "<group>"; };
		D552A9A51A84E1C0001AD194 /* EFPerformersModel.h */ = {isa = PBXFileReference; fileEncoding = 4; lastKnownFileType = sourcecode.c.h; path = EFPerformersModel.h; sourceTree = "<group>"; };
		D552A9A61A84E1C0001AD194 /* EFPerformersModel.m */ = {isa = PBXFileReference; fileEncoding = 4; lastKnownFileType = sourcecode.c.objc; path = EFPerformersModel.m; sourceTree = "<group>"; };
		D552A9A81A84E1F9001AD194 /* EFPerformerModel.h */ = {isa = PBXFileReference; fileEncoding = 4; lastKnownFileType = sourcecode.c.h; path = EFPerformerModel.h; sourceTree = "<group>"; };
		D552A9A91A84E1F9001AD194 /* EFPerformerModel.m */ = {isa = PBXFileReference; fileEncoding = 4; lastKnownFileType = sourcecode.c.objc; path = EFPerformerModel.m; sourceTree = "<group>"; };
		D552A9AB1A84E3DF001AD194 /* EFImageModel.h */ = {isa = PBXFileReference; fileEncoding = 4; lastKnownFileType = sourcecode.c.h; path = EFImageModel.h; sourceTree = "<group>"; };
		D552A9AC1A84E3DF001AD194 /* EFImageModel.m */ = {isa = PBXFileReference; fileEncoding = 4; lastKnownFileType = sourcecode.c.objc; path = EFImageModel.m; sourceTree = "<group>"; };
		D552A9AE1A84E509001AD194 /* EFImageLargeModel.h */ = {isa = PBXFileReference; fileEncoding = 4; lastKnownFileType = sourcecode.c.h; path = EFImageLargeModel.h; sourceTree = "<group>"; };
		D552A9AF1A84E509001AD194 /* EFImageLargeModel.m */ = {isa = PBXFileReference; fileEncoding = 4; lastKnownFileType = sourcecode.c.objc; path = EFImageLargeModel.m; sourceTree = "<group>"; };
		D56CCBF01A8A27450036EBDA /* EventTableViewCell.h */ = {isa = PBXFileReference; fileEncoding = 4; lastKnownFileType = sourcecode.c.h; path = EventTableViewCell.h; sourceTree = "<group>"; };
		D56CCBF11A8A27450036EBDA /* EventTableViewCell.m */ = {isa = PBXFileReference; fileEncoding = 4; lastKnownFileType = sourcecode.c.objc; path = EventTableViewCell.m; sourceTree = "<group>"; };
		D56CCBF21A8A27450036EBDA /* EventTableViewCell.xib */ = {isa = PBXFileReference; fileEncoding = 4; lastKnownFileType = file.xib; path = EventTableViewCell.xib; sourceTree = "<group>"; };
		D56CCBF51A8A54F00036EBDA /* camera.png */ = {isa = PBXFileReference; lastKnownFileType = image.png; path = camera.png; sourceTree = "<group>"; };
		D56CCBF61A8A54F00036EBDA /* camera@2x.png */ = {isa = PBXFileReference; lastKnownFileType = image.png; path = "camera@2x.png"; sourceTree = "<group>"; };
		D570E6251A6FF29B0074EF4E /* FeedViewController.h */ = {isa = PBXFileReference; fileEncoding = 4; lastKnownFileType = sourcecode.c.h; path = FeedViewController.h; sourceTree = "<group>"; };
		D570E6261A6FF29B0074EF4E /* FeedViewController.m */ = {isa = PBXFileReference; fileEncoding = 4; lastKnownFileType = sourcecode.c.objc; path = FeedViewController.m; sourceTree = "<group>"; };
		D5B9C9E21A7B8EC30042E53A /* SettingsViewController.h */ = {isa = PBXFileReference; fileEncoding = 4; lastKnownFileType = sourcecode.c.h; path = SettingsViewController.h; sourceTree = "<group>"; };
		D5B9C9E31A7B8EC30042E53A /* SettingsViewController.m */ = {isa = PBXFileReference; fileEncoding = 4; lastKnownFileType = sourcecode.c.objc; path = SettingsViewController.m; sourceTree = "<group>"; };
		D5CC85811A83D25C00A392CF /* AdViewController.h */ = {isa = PBXFileReference; fileEncoding = 4; lastKnownFileType = sourcecode.c.h; path = AdViewController.h; sourceTree = "<group>"; };
		D5CC85821A83D25C00A392CF /* AdViewController.m */ = {isa = PBXFileReference; fileEncoding = 4; lastKnownFileType = sourcecode.c.objc; path = AdViewController.m; sourceTree = "<group>"; };
		D5D65C5C1BA9769600BC1581 /* YADMApiCall.h */ = {isa = PBXFileReference; fileEncoding = 4; lastKnownFileType = sourcecode.c.h; path = YADMApiCall.h; sourceTree = "<group>"; };
		D5D65C5D1BA9769600BC1581 /* YADMApiCall.m */ = {isa = PBXFileReference; fileEncoding = 4; lastKnownFileType = sourcecode.c.objc; path = YADMApiCall.m; sourceTree = "<group>"; };
		D5D65C5E1BA9769600BC1581 /* YADMApiCallDelegate.h */ = {isa = PBXFileReference; fileEncoding = 4; lastKnownFileType = sourcecode.c.h; path = YADMApiCallDelegate.h; sourceTree = "<group>"; };
		D5D65C5F1BA9769600BC1581 /* YADMApiCallResult.h */ = {isa = PBXFileReference; fileEncoding = 4; lastKnownFileType = sourcecode.c.h; path = YADMApiCallResult.h; sourceTree = "<group>"; };
		D5D65C601BA9769600BC1581 /* YADMApiCallResult.m */ = {isa = PBXFileReference; fileEncoding = 4; lastKnownFileType = sourcecode.c.objc; path = YADMApiCallResult.m; sourceTree = "<group>"; };
		D5D65C611BA9769600BC1581 /* YADMJSONModelError.h */ = {isa = PBXFileReference; fileEncoding = 4; lastKnownFileType = sourcecode.c.h; path = YADMJSONModelError.h; sourceTree = "<group>"; };
		D5D65C621BA9769600BC1581 /* YADMJSONModelError.m */ = {isa = PBXFileReference; fileEncoding = 4; lastKnownFileType = sourcecode.c.objc; path = YADMJSONModelError.m; sourceTree = "<group>"; };
		D5D65C631BA9769600BC1581 /* YADMJSONToDomainModelParser.h */ = {isa = PBXFileReference; fileEncoding = 4; lastKnownFileType = sourcecode.c.h; path = YADMJSONToDomainModelParser.h; sourceTree = "<group>"; };
		D5D65C641BA9769600BC1581 /* YADMJSONToDomainModelParser.m */ = {isa = PBXFileReference; fileEncoding = 4; lastKnownFileType = sourcecode.c.objc; path = YADMJSONToDomainModelParser.m; sourceTree = "<group>"; };
		D5D65C651BA9769600BC1581 /* YADMJSONApiModel.h */ = {isa = PBXFileReference; fileEncoding = 4; lastKnownFileType = sourcecode.c.h; path = YADMJSONApiModel.h; sourceTree = "<group>"; };
		D5D65C661BA9769600BC1581 /* YADMJSONApiModel.m */ = {isa = PBXFileReference; fileEncoding = 4; lastKnownFileType = sourcecode.c.objc; path = YADMJSONApiModel.m; sourceTree = "<group>"; };
		D5D65C671BA9769600BC1581 /* YADMLib-Prefix.pch */ = {isa = PBXFileReference; fileEncoding = 4; lastKnownFileType = sourcecode.c.h; path = "YADMLib-Prefix.pch"; sourceTree = "<group>"; };
		D5DD2D0A1A80D5B600FB31A0 /* XLFormBaseCell.h */ = {isa = PBXFileReference; fileEncoding = 4; lastKnownFileType = sourcecode.c.h; path = XLFormBaseCell.h; sourceTree = "<group>"; };
		D5DD2D0B1A80D5B600FB31A0 /* XLFormBaseCell.m */ = {isa = PBXFileReference; fileEncoding = 4; lastKnownFileType = sourcecode.c.objc; path = XLFormBaseCell.m; sourceTree = "<group>"; };
		D5DD2D0C1A80D5B600FB31A0 /* XLFormButtonCell.h */ = {isa = PBXFileReference; fileEncoding = 4; lastKnownFileType = sourcecode.c.h; path = XLFormButtonCell.h; sourceTree = "<group>"; };
		D5DD2D0D1A80D5B600FB31A0 /* XLFormButtonCell.m */ = {isa = PBXFileReference; fileEncoding = 4; lastKnownFileType = sourcecode.c.objc; path = XLFormButtonCell.m; sourceTree = "<group>"; };
		D5DD2D0E1A80D5B600FB31A0 /* XLFormCheckCell.h */ = {isa = PBXFileReference; fileEncoding = 4; lastKnownFileType = sourcecode.c.h; path = XLFormCheckCell.h; sourceTree = "<group>"; };
		D5DD2D0F1A80D5B600FB31A0 /* XLFormCheckCell.m */ = {isa = PBXFileReference; fileEncoding = 4; lastKnownFileType = sourcecode.c.objc; path = XLFormCheckCell.m; sourceTree = "<group>"; };
		D5DD2D101A80D5B600FB31A0 /* XLFormDateCell.h */ = {isa = PBXFileReference; fileEncoding = 4; lastKnownFileType = sourcecode.c.h; path = XLFormDateCell.h; sourceTree = "<group>"; };
		D5DD2D111A80D5B600FB31A0 /* XLFormDateCell.m */ = {isa = PBXFileReference; fileEncoding = 4; lastKnownFileType = sourcecode.c.objc; path = XLFormDateCell.m; sourceTree = "<group>"; };
		D5DD2D121A80D5B600FB31A0 /* XLFormDatePickerCell.h */ = {isa = PBXFileReference; fileEncoding = 4; lastKnownFileType = sourcecode.c.h; path = XLFormDatePickerCell.h; sourceTree = "<group>"; };
		D5DD2D131A80D5B600FB31A0 /* XLFormDatePickerCell.m */ = {isa = PBXFileReference; fileEncoding = 4; lastKnownFileType = sourcecode.c.objc; path = XLFormDatePickerCell.m; sourceTree = "<group>"; };
		D5DD2D141A80D5B600FB31A0 /* XLFormDescriptorCell.h */ = {isa = PBXFileReference; fileEncoding = 4; lastKnownFileType = sourcecode.c.h; path = XLFormDescriptorCell.h; sourceTree = "<group>"; };
		D5DD2D151A80D5B600FB31A0 /* XLFormInlineRowDescriptorCell.h */ = {isa = PBXFileReference; fileEncoding = 4; lastKnownFileType = sourcecode.c.h; path = XLFormInlineRowDescriptorCell.h; sourceTree = "<group>"; };
		D5DD2D161A80D5B600FB31A0 /* XLFormInlineSelectorCell.h */ = {isa = PBXFileReference; fileEncoding = 4; lastKnownFileType = sourcecode.c.h; path = XLFormInlineSelectorCell.h; sourceTree = "<group>"; };
		D5DD2D171A80D5B600FB31A0 /* XLFormInlineSelectorCell.m */ = {isa = PBXFileReference; fileEncoding = 4; lastKnownFileType = sourcecode.c.objc; path = XLFormInlineSelectorCell.m; sourceTree = "<group>"; };
		D5DD2D181A80D5B600FB31A0 /* XLFormLeftRightSelectorCell.h */ = {isa = PBXFileReference; fileEncoding = 4; lastKnownFileType = sourcecode.c.h; path = XLFormLeftRightSelectorCell.h; sourceTree = "<group>"; };
		D5DD2D191A80D5B600FB31A0 /* XLFormLeftRightSelectorCell.m */ = {isa = PBXFileReference; fileEncoding = 4; lastKnownFileType = sourcecode.c.objc; path = XLFormLeftRightSelectorCell.m; sourceTree = "<group>"; };
		D5DD2D1A1A80D5B600FB31A0 /* XLFormPickerCell.h */ = {isa = PBXFileReference; fileEncoding = 4; lastKnownFileType = sourcecode.c.h; path = XLFormPickerCell.h; sourceTree = "<group>"; };
		D5DD2D1B1A80D5B600FB31A0 /* XLFormPickerCell.m */ = {isa = PBXFileReference; fileEncoding = 4; lastKnownFileType = sourcecode.c.objc; path = XLFormPickerCell.m; sourceTree = "<group>"; };
		D5DD2D1C1A80D5B600FB31A0 /* XLFormSegmentedCell.h */ = {isa = PBXFileReference; fileEncoding = 4; lastKnownFileType = sourcecode.c.h; path = XLFormSegmentedCell.h; sourceTree = "<group>"; };
		D5DD2D1D1A80D5B600FB31A0 /* XLFormSegmentedCell.m */ = {isa = PBXFileReference; fileEncoding = 4; lastKnownFileType = sourcecode.c.objc; path = XLFormSegmentedCell.m; sourceTree = "<group>"; };
		D5DD2D1E1A80D5B600FB31A0 /* XLFormSelectorCell.h */ = {isa = PBXFileReference; fileEncoding = 4; lastKnownFileType = sourcecode.c.h; path = XLFormSelectorCell.h; sourceTree = "<group>"; };
		D5DD2D1F1A80D5B600FB31A0 /* XLFormSelectorCell.m */ = {isa = PBXFileReference; fileEncoding = 4; lastKnownFileType = sourcecode.c.objc; path = XLFormSelectorCell.m; sourceTree = "<group>"; };
		D5DD2D201A80D5B600FB31A0 /* XLFormSliderCell.h */ = {isa = PBXFileReference; fileEncoding = 4; lastKnownFileType = sourcecode.c.h; path = XLFormSliderCell.h; sourceTree = "<group>"; };
		D5DD2D211A80D5B600FB31A0 /* XLFormSliderCell.m */ = {isa = PBXFileReference; fileEncoding = 4; lastKnownFileType = sourcecode.c.objc; path = XLFormSliderCell.m; sourceTree = "<group>"; };
		D5DD2D221A80D5B600FB31A0 /* XLFormStepCounterCell.h */ = {isa = PBXFileReference; fileEncoding = 4; lastKnownFileType = sourcecode.c.h; path = XLFormStepCounterCell.h; sourceTree = "<group>"; };
		D5DD2D231A80D5B600FB31A0 /* XLFormStepCounterCell.m */ = {isa = PBXFileReference; fileEncoding = 4; lastKnownFileType = sourcecode.c.objc; path = XLFormStepCounterCell.m; sourceTree = "<group>"; };
		D5DD2D241A80D5B600FB31A0 /* XLFormSwitchCell.h */ = {isa = PBXFileReference; fileEncoding = 4; lastKnownFileType = sourcecode.c.h; path = XLFormSwitchCell.h; sourceTree = "<group>"; };
		D5DD2D251A80D5B600FB31A0 /* XLFormSwitchCell.m */ = {isa = PBXFileReference; fileEncoding = 4; lastKnownFileType = sourcecode.c.objc; path = XLFormSwitchCell.m; sourceTree = "<group>"; };
		D5DD2D261A80D5B600FB31A0 /* XLFormTextFieldCell.h */ = {isa = PBXFileReference; fileEncoding = 4; lastKnownFileType = sourcecode.c.h; path = XLFormTextFieldCell.h; sourceTree = "<group>"; };
		D5DD2D271A80D5B600FB31A0 /* XLFormTextFieldCell.m */ = {isa = PBXFileReference; fileEncoding = 4; lastKnownFileType = sourcecode.c.objc; path = XLFormTextFieldCell.m; sourceTree = "<group>"; };
		D5DD2D281A80D5B600FB31A0 /* XLFormTextViewCell.h */ = {isa = PBXFileReference; fileEncoding = 4; lastKnownFileType = sourcecode.c.h; path = XLFormTextViewCell.h; sourceTree = "<group>"; };
		D5DD2D291A80D5B600FB31A0 /* XLFormTextViewCell.m */ = {isa = PBXFileReference; fileEncoding = 4; lastKnownFileType = sourcecode.c.objc; path = XLFormTextViewCell.m; sourceTree = "<group>"; };
		D5DD2D2B1A80D5B600FB31A0 /* XLFormOptionsObject.h */ = {isa = PBXFileReference; fileEncoding = 4; lastKnownFileType = sourcecode.c.h; path = XLFormOptionsObject.h; sourceTree = "<group>"; };
		D5DD2D2C1A80D5B600FB31A0 /* XLFormOptionsObject.m */ = {isa = PBXFileReference; fileEncoding = 4; lastKnownFileType = sourcecode.c.objc; path = XLFormOptionsObject.m; sourceTree = "<group>"; };
		D5DD2D2D1A80D5B600FB31A0 /* XLFormOptionsViewController.h */ = {isa = PBXFileReference; fileEncoding = 4; lastKnownFileType = sourcecode.c.h; path = XLFormOptionsViewController.h; sourceTree = "<group>"; };
		D5DD2D2E1A80D5B600FB31A0 /* XLFormOptionsViewController.m */ = {isa = PBXFileReference; fileEncoding = 4; lastKnownFileType = sourcecode.c.objc; path = XLFormOptionsViewController.m; sourceTree = "<group>"; };
		D5DD2D2F1A80D5B600FB31A0 /* XLFormRowDescriptorViewController.h */ = {isa = PBXFileReference; fileEncoding = 4; lastKnownFileType = sourcecode.c.h; path = XLFormRowDescriptorViewController.h; sourceTree = "<group>"; };
		D5DD2D301A80D5B600FB31A0 /* XLFormViewController.h */ = {isa = PBXFileReference; fileEncoding = 4; lastKnownFileType = sourcecode.c.h; path = XLFormViewController.h; sourceTree = "<group>"; };
		D5DD2D311A80D5B600FB31A0 /* XLFormViewController.m */ = {isa = PBXFileReference; fileEncoding = 4; lastKnownFileType = sourcecode.c.objc; path = XLFormViewController.m; sourceTree = "<group>"; };
		D5DD2D331A80D5B600FB31A0 /* XLFormDescriptor.h */ = {isa = PBXFileReference; fileEncoding = 4; lastKnownFileType = sourcecode.c.h; path = XLFormDescriptor.h; sourceTree = "<group>"; };
		D5DD2D341A80D5B600FB31A0 /* XLFormDescriptor.m */ = {isa = PBXFileReference; fileEncoding = 4; lastKnownFileType = sourcecode.c.objc; path = XLFormDescriptor.m; sourceTree = "<group>"; };
		D5DD2D351A80D5B600FB31A0 /* XLFormDescriptorDelegate.h */ = {isa = PBXFileReference; fileEncoding = 4; lastKnownFileType = sourcecode.c.h; path = XLFormDescriptorDelegate.h; sourceTree = "<group>"; };
		D5DD2D361A80D5B600FB31A0 /* XLFormRowDescriptor.h */ = {isa = PBXFileReference; fileEncoding = 4; lastKnownFileType = sourcecode.c.h; path = XLFormRowDescriptor.h; sourceTree = "<group>"; };
		D5DD2D371A80D5B600FB31A0 /* XLFormRowDescriptor.m */ = {isa = PBXFileReference; fileEncoding = 4; lastKnownFileType = sourcecode.c.objc; path = XLFormRowDescriptor.m; sourceTree = "<group>"; };
		D5DD2D381A80D5B600FB31A0 /* XLFormSectionDescriptor.h */ = {isa = PBXFileReference; fileEncoding = 4; lastKnownFileType = sourcecode.c.h; path = XLFormSectionDescriptor.h; sourceTree = "<group>"; };
		D5DD2D391A80D5B600FB31A0 /* XLFormSectionDescriptor.m */ = {isa = PBXFileReference; fileEncoding = 4; lastKnownFileType = sourcecode.c.objc; path = XLFormSectionDescriptor.m; sourceTree = "<group>"; };
		D5DD2D3B1A80D5B600FB31A0 /* NSArray+XLFormAdditions.h */ = {isa = PBXFileReference; fileEncoding = 4; lastKnownFileType = sourcecode.c.h; path = "NSArray+XLFormAdditions.h"; sourceTree = "<group>"; };
		D5DD2D3C1A80D5B600FB31A0 /* NSArray+XLFormAdditions.m */ = {isa = PBXFileReference; fileEncoding = 4; lastKnownFileType = sourcecode.c.objc; path = "NSArray+XLFormAdditions.m"; sourceTree = "<group>"; };
		D5DD2D3D1A80D5B600FB31A0 /* NSObject+XLFormAdditions.h */ = {isa = PBXFileReference; fileEncoding = 4; lastKnownFileType = sourcecode.c.h; path = "NSObject+XLFormAdditions.h"; sourceTree = "<group>"; };
		D5DD2D3E1A80D5B600FB31A0 /* NSObject+XLFormAdditions.m */ = {isa = PBXFileReference; fileEncoding = 4; lastKnownFileType = sourcecode.c.objc; path = "NSObject+XLFormAdditions.m"; sourceTree = "<group>"; };
		D5DD2D3F1A80D5B600FB31A0 /* UIView+XLFormAdditions.h */ = {isa = PBXFileReference; fileEncoding = 4; lastKnownFileType = sourcecode.c.h; path = "UIView+XLFormAdditions.h"; sourceTree = "<group>"; };
		D5DD2D401A80D5B600FB31A0 /* UIView+XLFormAdditions.m */ = {isa = PBXFileReference; fileEncoding = 4; lastKnownFileType = sourcecode.c.objc; path = "UIView+XLFormAdditions.m"; sourceTree = "<group>"; };
		D5DD2D421A80D5B600FB31A0 /* XLFormRightDetailCell.h */ = {isa = PBXFileReference; fileEncoding = 4; lastKnownFileType = sourcecode.c.h; path = XLFormRightDetailCell.h; sourceTree = "<group>"; };
		D5DD2D431A80D5B600FB31A0 /* XLFormRightDetailCell.m */ = {isa = PBXFileReference; fileEncoding = 4; lastKnownFileType = sourcecode.c.objc; path = XLFormRightDetailCell.m; sourceTree = "<group>"; };
		D5DD2D441A80D5B600FB31A0 /* XLFormRightImageButton.h */ = {isa = PBXFileReference; fileEncoding = 4; lastKnownFileType = sourcecode.c.h; path = XLFormRightImageButton.h; sourceTree = "<group>"; };
		D5DD2D451A80D5B600FB31A0 /* XLFormRightImageButton.m */ = {isa = PBXFileReference; fileEncoding = 4; lastKnownFileType = sourcecode.c.objc; path = XLFormRightImageButton.m; sourceTree = "<group>"; };
		D5DD2D461A80D5B600FB31A0 /* XLFormTextView.h */ = {isa = PBXFileReference; fileEncoding = 4; lastKnownFileType = sourcecode.c.h; path = XLFormTextView.h; sourceTree = "<group>"; };
		D5DD2D471A80D5B600FB31A0 /* XLFormTextView.m */ = {isa = PBXFileReference; fileEncoding = 4; lastKnownFileType = sourcecode.c.objc; path = XLFormTextView.m; sourceTree = "<group>"; };
		D5DD2D491A80D5B600FB31A0 /* XLFormRegexValidator.h */ = {isa = PBXFileReference; fileEncoding = 4; lastKnownFileType = sourcecode.c.h; path = XLFormRegexValidator.h; sourceTree = "<group>"; };
		D5DD2D4A1A80D5B600FB31A0 /* XLFormRegexValidator.m */ = {isa = PBXFileReference; fileEncoding = 4; lastKnownFileType = sourcecode.c.objc; path = XLFormRegexValidator.m; sourceTree = "<group>"; };
		D5DD2D4B1A80D5B600FB31A0 /* XLFormValidationStatus.h */ = {isa = PBXFileReference; fileEncoding = 4; lastKnownFileType = sourcecode.c.h; path = XLFormValidationStatus.h; sourceTree = "<group>"; };
		D5DD2D4C1A80D5B600FB31A0 /* XLFormValidationStatus.m */ = {isa = PBXFileReference; fileEncoding = 4; lastKnownFileType = sourcecode.c.objc; path = XLFormValidationStatus.m; sourceTree = "<group>"; };
		D5DD2D4D1A80D5B600FB31A0 /* XLFormValidator.h */ = {isa = PBXFileReference; fileEncoding = 4; lastKnownFileType = sourcecode.c.h; path = XLFormValidator.h; sourceTree = "<group>"; };
		D5DD2D4E1A80D5B600FB31A0 /* XLFormValidator.m */ = {isa = PBXFileReference; fileEncoding = 4; lastKnownFileType = sourcecode.c.objc; path = XLFormValidator.m; sourceTree = "<group>"; };
		D5DD2D4F1A80D5B600FB31A0 /* XLFormValidatorProtocol.h */ = {isa = PBXFileReference; fileEncoding = 4; lastKnownFileType = sourcecode.c.h; path = XLFormValidatorProtocol.h; sourceTree = "<group>"; };
		D5DD2D501A80D5B600FB31A0 /* XLForm.h */ = {isa = PBXFileReference; fileEncoding = 4; lastKnownFileType = sourcecode.c.h; path = XLForm.h; sourceTree = "<group>"; };
		D5DD2D511A80D5B600FB31A0 /* XLForm.m */ = {isa = PBXFileReference; fileEncoding = 4; lastKnownFileType = sourcecode.c.objc; path = XLForm.m; sourceTree = "<group>"; };
		D5E11A5A1A12177B001109A1 /* PubnativeDemo.app */ = {isa = PBXFileReference; explicitFileType = wrapper.application; includeInIndex = 0; path = PubnativeDemo.app; sourceTree = BUILT_PRODUCTS_DIR; };
		D5E11A5E1A12177B001109A1 /* Info.plist */ = {isa = PBXFileReference; lastKnownFileType = text.plist.xml; path = Info.plist; sourceTree = "<group>"; };
		D5E11A5F1A12177B001109A1 /* main.m */ = {isa = PBXFileReference; lastKnownFileType = sourcecode.c.objc; path = main.m; sourceTree = "<group>"; };
		D5E11A611A12177B001109A1 /* AppDelegate.h */ = {isa = PBXFileReference; lastKnownFileType = sourcecode.c.h; path = AppDelegate.h; sourceTree = "<group>"; };
		D5E11A621A12177B001109A1 /* AppDelegate.m */ = {isa = PBXFileReference; lastKnownFileType = sourcecode.c.objc; path = AppDelegate.m; sourceTree = "<group>"; };
		D5E11A641A12177B001109A1 /* ViewController.h */ = {isa = PBXFileReference; lastKnownFileType = sourcecode.c.h; path = ViewController.h; sourceTree = "<group>"; };
		D5E11A651A12177B001109A1 /* ViewController.m */ = {isa = PBXFileReference; lastKnownFileType = sourcecode.c.objc; path = ViewController.m; sourceTree = "<group>"; };
		D5E11A681A12177B001109A1 /* Base */ = {isa = PBXFileReference; lastKnownFileType = file.storyboard; name = Base; path = Base.lproj/Main.storyboard; sourceTree = "<group>"; };
		D5E11A6A1A12177B001109A1 /* Images.xcassets */ = {isa = PBXFileReference; lastKnownFileType = folder.assetcatalog; path = Images.xcassets; sourceTree = "<group>"; };
		D5E11A6D1A12177B001109A1 /* Base */ = {isa = PBXFileReference; lastKnownFileType = file.xib; name = Base; path = Base.lproj/LaunchScreen.xib; sourceTree = "<group>"; };
/* End PBXFileReference section */

/* Begin PBXFrameworksBuildPhase section */
		D5454F711BAC08BC0059D4DC /* Frameworks */ = {
			isa = PBXFrameworksBuildPhase;
			buildActionMask = 2147483647;
			files = (
			);
			runOnlyForDeploymentPostprocessing = 0;
		};
		D5E11A571A12177B001109A1 /* Frameworks */ = {
			isa = PBXFrameworksBuildPhase;
			buildActionMask = 2147483647;
			files = (
				D5454F6D1BAC028C0059D4DC /* PubNativeLibrary.framework in Frameworks */,
			);
			runOnlyForDeploymentPostprocessing = 0;
		};
/* End PBXFrameworksBuildPhase section */

/* Begin PBXGroup section */
		D5454F751BAC08BC0059D4DC /* PubnativeDemo WatchKit 1 Extension */ = {
			isa = PBXGroup;
			children = (
				D5454F931BAC093F0059D4DC /* WKPubNativeLibrary */,
				D5454F761BAC08BC0059D4DC /* InterfaceController.h */,
				D5454F771BAC08BC0059D4DC /* InterfaceController.m */,
				D5454F791BAC08BC0059D4DC /* Assets.xcassets */,
				D5454F7B1BAC08BC0059D4DC /* Info.plist */,
			);
			path = "PubnativeDemo WatchKit 1 Extension";
			sourceTree = "<group>";
		};
		D5454F821BAC08BC0059D4DC /* PubnativeDemo WatchKit 1 App */ = {
			isa = PBXGroup;
			children = (
				D5454F831BAC08BC0059D4DC /* Interface.storyboard */,
				D5454F861BAC08BC0059D4DC /* Assets.xcassets */,
				D5454F881BAC08BC0059D4DC /* Info.plist */,
			);
			path = "PubnativeDemo WatchKit 1 App";
			sourceTree = "<group>";
		};
		D5454F931BAC093F0059D4DC /* WKPubNativeLibrary */ = {
			isa = PBXGroup;
			children = (
				D5454F941BAC093F0059D4DC /* WKPNNativeAdModel.h */,
				D5454F951BAC093F0059D4DC /* WKPNNativeAdModel.m */,
				D5454F961BAC093F0059D4DC /* WKPubnative.h */,
				D5454F971BAC093F0059D4DC /* WKPubnative.m */,
			);
			name = WKPubNativeLibrary;
			path = ../../WKPubNativeLibrary;
			sourceTree = "<group>";
		};
		D552A99B1A84D876001AD194 /* Models */ = {
			isa = PBXGroup;
			children = (
				D552A99C1A84D8CD001AD194 /* EFApiModel.h */,
				D552A99D1A84D8CD001AD194 /* EFApiModel.m */,
				D552A99F1A84DAC7001AD194 /* EFEventModel.h */,
				D552A9A01A84DAC7001AD194 /* EFEventModel.m */,
				D552A9A21A84DBE5001AD194 /* EFEventsModel.h */,
				D552A9A31A84DBE5001AD194 /* EFEventsModel.m */,
				D552A9A51A84E1C0001AD194 /* EFPerformersModel.h */,
				D552A9A61A84E1C0001AD194 /* EFPerformersModel.m */,
				D552A9A81A84E1F9001AD194 /* EFPerformerModel.h */,
				D552A9A91A84E1F9001AD194 /* EFPerformerModel.m */,
				D552A9AB1A84E3DF001AD194 /* EFImageModel.h */,
				D552A9AC1A84E3DF001AD194 /* EFImageModel.m */,
				D552A9AE1A84E509001AD194 /* EFImageLargeModel.h */,
				D552A9AF1A84E509001AD194 /* EFImageLargeModel.m */,
			);
			path = Models;
			sourceTree = "<group>";
		};
		D5AA97F51BA9AF8D00C10DC1 /* Frameworks */ = {
			isa = PBXGroup;
			children = (
				D5454F6C1BAC028C0059D4DC /* PubNativeLibrary.framework */,
			);
			name = Frameworks;
			sourceTree = "<group>";
		};
		D5D65C5A1BA9769600BC1581 /* YADMLib */ = {
			isa = PBXGroup;
			children = (
				D5D65C5B1BA9769600BC1581 /* Library */,
				D5D65C651BA9769600BC1581 /* YADMJSONApiModel.h */,
				D5D65C661BA9769600BC1581 /* YADMJSONApiModel.m */,
				D5D65C671BA9769600BC1581 /* YADMLib-Prefix.pch */,
			);
			path = YADMLib;
			sourceTree = "<group>";
		};
		D5D65C5B1BA9769600BC1581 /* Library */ = {
			isa = PBXGroup;
			children = (
				D5D65C5C1BA9769600BC1581 /* YADMApiCall.h */,
				D5D65C5D1BA9769600BC1581 /* YADMApiCall.m */,
				D5D65C5E1BA9769600BC1581 /* YADMApiCallDelegate.h */,
				D5D65C5F1BA9769600BC1581 /* YADMApiCallResult.h */,
				D5D65C601BA9769600BC1581 /* YADMApiCallResult.m */,
				D5D65C611BA9769600BC1581 /* YADMJSONModelError.h */,
				D5D65C621BA9769600BC1581 /* YADMJSONModelError.m */,
				D5D65C631BA9769600BC1581 /* YADMJSONToDomainModelParser.h */,
				D5D65C641BA9769600BC1581 /* YADMJSONToDomainModelParser.m */,
			);
			path = Library;
			sourceTree = "<group>";
		};
		D5DD2D071A80D5B600FB31A0 /* Components */ = {
			isa = PBXGroup;
			children = (
				D5DD2D081A80D5B600FB31A0 /* XL */,
			);
			path = Components;
			sourceTree = "<group>";
		};
		D5DD2D081A80D5B600FB31A0 /* XL */ = {
			isa = PBXGroup;
			children = (
				D5DD2D091A80D5B600FB31A0 /* Cell */,
				D5DD2D2A1A80D5B600FB31A0 /* Controllers */,
				D5DD2D321A80D5B600FB31A0 /* Descriptors */,
				D5DD2D3A1A80D5B600FB31A0 /* Helpers */,
				D5DD2D481A80D5B600FB31A0 /* Validation */,
				D5DD2D501A80D5B600FB31A0 /* XLForm.h */,
				D5DD2D511A80D5B600FB31A0 /* XLForm.m */,
			);
			path = XL;
			sourceTree = "<group>";
		};
		D5DD2D091A80D5B600FB31A0 /* Cell */ = {
			isa = PBXGroup;
			children = (
				D5DD2D0A1A80D5B600FB31A0 /* XLFormBaseCell.h */,
				D5DD2D0B1A80D5B600FB31A0 /* XLFormBaseCell.m */,
				D5DD2D0C1A80D5B600FB31A0 /* XLFormButtonCell.h */,
				D5DD2D0D1A80D5B600FB31A0 /* XLFormButtonCell.m */,
				D5DD2D0E1A80D5B600FB31A0 /* XLFormCheckCell.h */,
				D5DD2D0F1A80D5B600FB31A0 /* XLFormCheckCell.m */,
				D5DD2D101A80D5B600FB31A0 /* XLFormDateCell.h */,
				D5DD2D111A80D5B600FB31A0 /* XLFormDateCell.m */,
				D5DD2D121A80D5B600FB31A0 /* XLFormDatePickerCell.h */,
				D5DD2D131A80D5B600FB31A0 /* XLFormDatePickerCell.m */,
				D5DD2D141A80D5B600FB31A0 /* XLFormDescriptorCell.h */,
				D5DD2D151A80D5B600FB31A0 /* XLFormInlineRowDescriptorCell.h */,
				D5DD2D161A80D5B600FB31A0 /* XLFormInlineSelectorCell.h */,
				D5DD2D171A80D5B600FB31A0 /* XLFormInlineSelectorCell.m */,
				D5DD2D181A80D5B600FB31A0 /* XLFormLeftRightSelectorCell.h */,
				D5DD2D191A80D5B600FB31A0 /* XLFormLeftRightSelectorCell.m */,
				D5DD2D1A1A80D5B600FB31A0 /* XLFormPickerCell.h */,
				D5DD2D1B1A80D5B600FB31A0 /* XLFormPickerCell.m */,
				D5DD2D1C1A80D5B600FB31A0 /* XLFormSegmentedCell.h */,
				D5DD2D1D1A80D5B600FB31A0 /* XLFormSegmentedCell.m */,
				D5DD2D1E1A80D5B600FB31A0 /* XLFormSelectorCell.h */,
				D5DD2D1F1A80D5B600FB31A0 /* XLFormSelectorCell.m */,
				D5DD2D201A80D5B600FB31A0 /* XLFormSliderCell.h */,
				D5DD2D211A80D5B600FB31A0 /* XLFormSliderCell.m */,
				D5DD2D221A80D5B600FB31A0 /* XLFormStepCounterCell.h */,
				D5DD2D231A80D5B600FB31A0 /* XLFormStepCounterCell.m */,
				D5DD2D241A80D5B600FB31A0 /* XLFormSwitchCell.h */,
				D5DD2D251A80D5B600FB31A0 /* XLFormSwitchCell.m */,
				D5DD2D261A80D5B600FB31A0 /* XLFormTextFieldCell.h */,
				D5DD2D271A80D5B600FB31A0 /* XLFormTextFieldCell.m */,
				D5DD2D281A80D5B600FB31A0 /* XLFormTextViewCell.h */,
				D5DD2D291A80D5B600FB31A0 /* XLFormTextViewCell.m */,
			);
			path = Cell;
			sourceTree = "<group>";
		};
		D5DD2D2A1A80D5B600FB31A0 /* Controllers */ = {
			isa = PBXGroup;
			children = (
				D5DD2D2B1A80D5B600FB31A0 /* XLFormOptionsObject.h */,
				D5DD2D2C1A80D5B600FB31A0 /* XLFormOptionsObject.m */,
				D5DD2D2D1A80D5B600FB31A0 /* XLFormOptionsViewController.h */,
				D5DD2D2E1A80D5B600FB31A0 /* XLFormOptionsViewController.m */,
				D5DD2D2F1A80D5B600FB31A0 /* XLFormRowDescriptorViewController.h */,
				D5DD2D301A80D5B600FB31A0 /* XLFormViewController.h */,
				D5DD2D311A80D5B600FB31A0 /* XLFormViewController.m */,
			);
			path = Controllers;
			sourceTree = "<group>";
		};
		D5DD2D321A80D5B600FB31A0 /* Descriptors */ = {
			isa = PBXGroup;
			children = (
				D5DD2D331A80D5B600FB31A0 /* XLFormDescriptor.h */,
				D5DD2D341A80D5B600FB31A0 /* XLFormDescriptor.m */,
				D5DD2D351A80D5B600FB31A0 /* XLFormDescriptorDelegate.h */,
				D5DD2D361A80D5B600FB31A0 /* XLFormRowDescriptor.h */,
				D5DD2D371A80D5B600FB31A0 /* XLFormRowDescriptor.m */,
				D5DD2D381A80D5B600FB31A0 /* XLFormSectionDescriptor.h */,
				D5DD2D391A80D5B600FB31A0 /* XLFormSectionDescriptor.m */,
			);
			path = Descriptors;
			sourceTree = "<group>";
		};
		D5DD2D3A1A80D5B600FB31A0 /* Helpers */ = {
			isa = PBXGroup;
			children = (
				D5DD2D3B1A80D5B600FB31A0 /* NSArray+XLFormAdditions.h */,
				D5DD2D3C1A80D5B600FB31A0 /* NSArray+XLFormAdditions.m */,
				D5DD2D3D1A80D5B600FB31A0 /* NSObject+XLFormAdditions.h */,
				D5DD2D3E1A80D5B600FB31A0 /* NSObject+XLFormAdditions.m */,
				D5DD2D3F1A80D5B600FB31A0 /* UIView+XLFormAdditions.h */,
				D5DD2D401A80D5B600FB31A0 /* UIView+XLFormAdditions.m */,
				D5DD2D411A80D5B600FB31A0 /* Views */,
			);
			path = Helpers;
			sourceTree = "<group>";
		};
		D5DD2D411A80D5B600FB31A0 /* Views */ = {
			isa = PBXGroup;
			children = (
				D5DD2D421A80D5B600FB31A0 /* XLFormRightDetailCell.h */,
				D5DD2D431A80D5B600FB31A0 /* XLFormRightDetailCell.m */,
				D5DD2D441A80D5B600FB31A0 /* XLFormRightImageButton.h */,
				D5DD2D451A80D5B600FB31A0 /* XLFormRightImageButton.m */,
				D5DD2D461A80D5B600FB31A0 /* XLFormTextView.h */,
				D5DD2D471A80D5B600FB31A0 /* XLFormTextView.m */,
			);
			path = Views;
			sourceTree = "<group>";
		};
		D5DD2D481A80D5B600FB31A0 /* Validation */ = {
			isa = PBXGroup;
			children = (
				D5DD2D491A80D5B600FB31A0 /* XLFormRegexValidator.h */,
				D5DD2D4A1A80D5B600FB31A0 /* XLFormRegexValidator.m */,
				D5DD2D4B1A80D5B600FB31A0 /* XLFormValidationStatus.h */,
				D5DD2D4C1A80D5B600FB31A0 /* XLFormValidationStatus.m */,
				D5DD2D4D1A80D5B600FB31A0 /* XLFormValidator.h */,
				D5DD2D4E1A80D5B600FB31A0 /* XLFormValidator.m */,
				D5DD2D4F1A80D5B600FB31A0 /* XLFormValidatorProtocol.h */,
			);
			path = Validation;
			sourceTree = "<group>";
		};
		D5E11A511A12177B001109A1 = {
			isa = PBXGroup;
			children = (
				D5E11A5C1A12177B001109A1 /* PubNativeDemo */,
				D5454F751BAC08BC0059D4DC /* PubnativeDemo WatchKit 1 Extension */,
				D5454F821BAC08BC0059D4DC /* PubnativeDemo WatchKit 1 App */,
				D5AA97F51BA9AF8D00C10DC1 /* Frameworks */,
				D5E11A5B1A12177B001109A1 /* Products */,
			);
			sourceTree = "<group>";
		};
		D5E11A5B1A12177B001109A1 /* Products */ = {
			isa = PBXGroup;
			children = (
				D5E11A5A1A12177B001109A1 /* PubnativeDemo.app */,
				D5454F741BAC08BC0059D4DC /* PubnativeDemo WatchKit 1 Extension.appex */,
				D5454F7E1BAC08BC0059D4DC /* PubnativeDemo WatchKit 1 App.app */,
			);
			name = Products;
			sourceTree = "<group>";
		};
		D5E11A5C1A12177B001109A1 /* PubNativeDemo */ = {
			isa = PBXGroup;
			children = (
				D5D65C5A1BA9769600BC1581 /* YADMLib */,
				D552A99B1A84D876001AD194 /* Models */,
				D5DD2D071A80D5B600FB31A0 /* Components */,
				D5E11A611A12177B001109A1 /* AppDelegate.h */,
				D5E11A621A12177B001109A1 /* AppDelegate.m */,
				D570E6251A6FF29B0074EF4E /* FeedViewController.h */,
				D570E6261A6FF29B0074EF4E /* FeedViewController.m */,
				D5E11A6A1A12177B001109A1 /* Images.xcassets */,
				D5E11A6C1A12177B001109A1 /* LaunchScreen.xib */,
				D5E11A671A12177B001109A1 /* Main.storyboard */,
				D5B9C9E21A7B8EC30042E53A /* SettingsViewController.h */,
				D5B9C9E31A7B8EC30042E53A /* SettingsViewController.m */,
				D5E11A5D1A12177B001109A1 /* Supporting Files */,
				D5E11A641A12177B001109A1 /* ViewController.h */,
				D5E11A651A12177B001109A1 /* ViewController.m */,
				D5CC85811A83D25C00A392CF /* AdViewController.h */,
				D5CC85821A83D25C00A392CF /* AdViewController.m */,
				D56CCBF01A8A27450036EBDA /* EventTableViewCell.h */,
				D56CCBF11A8A27450036EBDA /* EventTableViewCell.m */,
				D56CCBF21A8A27450036EBDA /* EventTableViewCell.xib */,
			);
			path = PubNativeDemo;
			sourceTree = "<group>";
		};
		D5E11A5D1A12177B001109A1 /* Supporting Files */ = {
			isa = PBXGroup;
			children = (
				D56CCBF51A8A54F00036EBDA /* camera.png */,
				D56CCBF61A8A54F00036EBDA /* camera@2x.png */,
				D5E11A5E1A12177B001109A1 /* Info.plist */,
				D5E11A5F1A12177B001109A1 /* main.m */,
			);
			name = "Supporting Files";
			sourceTree = "<group>";
		};
/* End PBXGroup section */

/* Begin PBXNativeTarget section */
		D5454F731BAC08BC0059D4DC /* PubnativeDemo WatchKit 1 Extension */ = {
			isa = PBXNativeTarget;
			buildConfigurationList = D5454F911BAC08BC0059D4DC /* Build configuration list for PBXNativeTarget "PubnativeDemo WatchKit 1 Extension" */;
			buildPhases = (
				D5454F701BAC08BC0059D4DC /* Sources */,
				D5454F711BAC08BC0059D4DC /* Frameworks */,
				D5454F721BAC08BC0059D4DC /* Resources */,
			);
			buildRules = (
			);
			dependencies = (
				D5454F811BAC08BC0059D4DC /* PBXTargetDependency */,
			);
			name = "PubnativeDemo WatchKit 1 Extension";
			productName = "PubnativeDemo WatchKit 1 Extension";
			productReference = D5454F741BAC08BC0059D4DC /* PubnativeDemo WatchKit 1 Extension.appex */;
			productType = "com.apple.product-type.watchkit-extension";
		};
		D5454F7D1BAC08BC0059D4DC /* PubnativeDemo WatchKit 1 App */ = {
			isa = PBXNativeTarget;
			buildConfigurationList = D5454F901BAC08BC0059D4DC /* Build configuration list for PBXNativeTarget "PubnativeDemo WatchKit 1 App" */;
			buildPhases = (
				D5454F7C1BAC08BC0059D4DC /* Resources */,
			);
			buildRules = (
			);
			dependencies = (
			);
			name = "PubnativeDemo WatchKit 1 App";
			productName = "PubnativeDemo WatchKit 1 App";
			productReference = D5454F7E1BAC08BC0059D4DC /* PubnativeDemo WatchKit 1 App.app */;
			productType = "com.apple.product-type.application.watchapp";
		};
		D5E11A591A12177B001109A1 /* PubnativeDemo */ = {
			isa = PBXNativeTarget;
			buildConfigurationList = D5E11A7D1A12177B001109A1 /* Build configuration list for PBXNativeTarget "PubnativeDemo" */;
			buildPhases = (
				D5E11A561A12177B001109A1 /* Sources */,
				D5E11A571A12177B001109A1 /* Frameworks */,
				D5E11A581A12177B001109A1 /* Resources */,
				D50E4C761BA8727E006ED769 /* Embed Watch Content */,
				D5454F6F1BAC028D0059D4DC /* Embed Frameworks */,
				D5454F921BAC08BC0059D4DC /* Embed App Extensions */,
			);
			buildRules = (
			);
			dependencies = (
				D5454F8A1BAC08BC0059D4DC /* PBXTargetDependency */,
			);
			name = PubnativeDemo;
			productName = PubnativeLibrary;
			productReference = D5E11A5A1A12177B001109A1 /* PubnativeDemo.app */;
			productType = "com.apple.product-type.application";
		};
/* End PBXNativeTarget section */

/* Begin PBXProject section */
		D5E11A521A12177B001109A1 /* Project object */ = {
			isa = PBXProject;
			attributes = {
				LastUpgradeCheck = 0610;
				ORGANIZATIONNAME = PubNative;
				TargetAttributes = {
					D5454F731BAC08BC0059D4DC = {
						CreatedOnToolsVersion = 7.0;
						DevelopmentTeam = M532Z2EK3N;
					};
					D5454F7D1BAC08BC0059D4DC = {
						CreatedOnToolsVersion = 7.0;
					};
					D5E11A591A12177B001109A1 = {
						CreatedOnToolsVersion = 6.1;
						DevelopmentTeam = M532Z2EK3N;
						SystemCapabilities = {
							com.apple.ApplicationGroups.iOS = {
								enabled = 0;
							};
							com.apple.GameCenter = {
								enabled = 0;
							};
							com.apple.Keychain = {
								enabled = 0;
							};
						};
					};
				};
			};
			buildConfigurationList = D5E11A551A12177B001109A1 /* Build configuration list for PBXProject "PubNativeDemo" */;
			compatibilityVersion = "Xcode 3.2";
			developmentRegion = English;
			hasScannedForEncodings = 0;
			knownRegions = (
				en,
				Base,
			);
			mainGroup = D5E11A511A12177B001109A1;
			productRefGroup = D5E11A5B1A12177B001109A1 /* Products */;
			projectDirPath = "";
			projectRoot = "";
			targets = (
				D5E11A591A12177B001109A1 /* PubnativeDemo */,
				D5454F731BAC08BC0059D4DC /* PubnativeDemo WatchKit 1 Extension */,
				D5454F7D1BAC08BC0059D4DC /* PubnativeDemo WatchKit 1 App */,
			);
		};
/* End PBXProject section */

/* Begin PBXResourcesBuildPhase section */
		D5454F721BAC08BC0059D4DC /* Resources */ = {
			isa = PBXResourcesBuildPhase;
			buildActionMask = 2147483647;
			files = (
				D5454F7F1BAC08BC0059D4DC /* PubnativeDemo WatchKit 1 App.app in Resources */,
				D5454F7A1BAC08BC0059D4DC /* Assets.xcassets in Resources */,
			);
			runOnlyForDeploymentPostprocessing = 0;
		};
		D5454F7C1BAC08BC0059D4DC /* Resources */ = {
			isa = PBXResourcesBuildPhase;
			buildActionMask = 2147483647;
			files = (
				D5454F871BAC08BC0059D4DC /* Assets.xcassets in Resources */,
				D5454F851BAC08BC0059D4DC /* Interface.storyboard in Resources */,
			);
			runOnlyForDeploymentPostprocessing = 0;
		};
		D5E11A581A12177B001109A1 /* Resources */ = {
			isa = PBXResourcesBuildPhase;
			buildActionMask = 2147483647;
			files = (
				D56CCBF71A8A54F00036EBDA /* camera.png in Resources */,
				D56CCBF41A8A27450036EBDA /* EventTableViewCell.xib in Resources */,
				D5E11A691A12177B001109A1 /* Main.storyboard in Resources */,
				D5E11A6E1A12177B001109A1 /* LaunchScreen.xib in Resources */,
				D5E11A6B1A12177B001109A1 /* Images.xcassets in Resources */,
				D56CCBF81A8A54F00036EBDA /* camera@2x.png in Resources */,
			);
			runOnlyForDeploymentPostprocessing = 0;
		};
/* End PBXResourcesBuildPhase section */

/* Begin PBXSourcesBuildPhase section */
		D5454F701BAC08BC0059D4DC /* Sources */ = {
			isa = PBXSourcesBuildPhase;
			buildActionMask = 2147483647;
			files = (
				D5454F991BAC093F0059D4DC /* WKPubnative.m in Sources */,
				D5454F781BAC08BC0059D4DC /* InterfaceController.m in Sources */,
				D5454F981BAC093F0059D4DC /* WKPNNativeAdModel.m in Sources */,
			);
			runOnlyForDeploymentPostprocessing = 0;
		};
		D5E11A561A12177B001109A1 /* Sources */ = {
			isa = PBXSourcesBuildPhase;
			buildActionMask = 2147483647;
			files = (
				D552A9AA1A84E1F9001AD194 /* EFPerformerModel.m in Sources */,
				D5DD2D591A80D5B600FB31A0 /* XLFormPickerCell.m in Sources */,
				D5DD2D6D1A80D5B600FB31A0 /* XLFormRegexValidator.m in Sources */,
				D5DD2D5D1A80D5B600FB31A0 /* XLFormStepCounterCell.m in Sources */,
				D5DD2D6A1A80D5B600FB31A0 /* XLFormRightDetailCell.m in Sources */,
				D5DD2D551A80D5B600FB31A0 /* XLFormDateCell.m in Sources */,
				D5E11A661A12177B001109A1 /* ViewController.m in Sources */,
				D5DD2D631A80D5B600FB31A0 /* XLFormViewController.m in Sources */,
				D552A9A11A84DAC7001AD194 /* EFEventModel.m in Sources */,
				D5DD2D6B1A80D5B600FB31A0 /* XLFormRightImageButton.m in Sources */,
				D552A9A41A84DBE5001AD194 /* EFEventsModel.m in Sources */,
				D5DD2D6E1A80D5B600FB31A0 /* XLFormValidationStatus.m in Sources */,
				D56CCBF31A8A27450036EBDA /* EventTableViewCell.m in Sources */,
				D5DD2D5A1A80D5B600FB31A0 /* XLFormSegmentedCell.m in Sources */,
				D570E6271A6FF29B0074EF4E /* FeedViewController.m in Sources */,
				D5DD2D5F1A80D5B600FB31A0 /* XLFormTextFieldCell.m in Sources */,
				D5D65C691BA9769600BC1581 /* YADMApiCallResult.m in Sources */,
				D5DD2D701A80D5B600FB31A0 /* XLForm.m in Sources */,
				D5DD2D5B1A80D5B600FB31A0 /* XLFormSelectorCell.m in Sources */,
				D5DD2D6F1A80D5B600FB31A0 /* XLFormValidator.m in Sources */,
				D5DD2D621A80D5B600FB31A0 /* XLFormOptionsViewController.m in Sources */,
				D552A99E1A84D8CD001AD194 /* EFApiModel.m in Sources */,
				D5DD2D611A80D5B600FB31A0 /* XLFormOptionsObject.m in Sources */,
				D5DD2D691A80D5B600FB31A0 /* UIView+XLFormAdditions.m in Sources */,
				D5DD2D541A80D5B600FB31A0 /* XLFormCheckCell.m in Sources */,
				D552A9AD1A84E3DF001AD194 /* EFImageModel.m in Sources */,
				D5DD2D681A80D5B600FB31A0 /* NSObject+XLFormAdditions.m in Sources */,
				D5D65C6C1BA9769600BC1581 /* YADMJSONApiModel.m in Sources */,
				D5DD2D5C1A80D5B600FB31A0 /* XLFormSliderCell.m in Sources */,
				D5D65C6B1BA9769600BC1581 /* YADMJSONToDomainModelParser.m in Sources */,
				D5E11A631A12177B001109A1 /* AppDelegate.m in Sources */,
				D5DD2D561A80D5B600FB31A0 /* XLFormDatePickerCell.m in Sources */,
				D5DD2D671A80D5B600FB31A0 /* NSArray+XLFormAdditions.m in Sources */,
				D5DD2D581A80D5B600FB31A0 /* XLFormLeftRightSelectorCell.m in Sources */,
				D5B9C9E41A7B8EC30042E53A /* SettingsViewController.m in Sources */,
				D552A9A71A84E1C0001AD194 /* EFPerformersModel.m in Sources */,
				D5DD2D641A80D5B600FB31A0 /* XLFormDescriptor.m in Sources */,
				D5DD2D6C1A80D5B600FB31A0 /* XLFormTextView.m in Sources */,
				D5D65C681BA9769600BC1581 /* YADMApiCall.m in Sources */,
				D5CC85831A83D25C00A392CF /* AdViewController.m in Sources */,
				D552A9B01A84E509001AD194 /* EFImageLargeModel.m in Sources */,
				D5DD2D571A80D5B600FB31A0 /* XLFormInlineSelectorCell.m in Sources */,
				D5DD2D651A80D5B600FB31A0 /* XLFormRowDescriptor.m in Sources */,
				D5E11A601A12177B001109A1 /* main.m in Sources */,
				D5DD2D601A80D5B600FB31A0 /* XLFormTextViewCell.m in Sources */,
				D5DD2D521A80D5B600FB31A0 /* XLFormBaseCell.m in Sources */,
				D5DD2D531A80D5B600FB31A0 /* XLFormButtonCell.m in Sources */,
				D5DD2D5E1A80D5B600FB31A0 /* XLFormSwitchCell.m in Sources */,
				D5DD2D661A80D5B600FB31A0 /* XLFormSectionDescriptor.m in Sources */,
				D5D65C6A1BA9769600BC1581 /* YADMJSONModelError.m in Sources */,
			);
			runOnlyForDeploymentPostprocessing = 0;
		};
/* End PBXSourcesBuildPhase section */

/* Begin PBXTargetDependency section */
		D5454F811BAC08BC0059D4DC /* PBXTargetDependency */ = {
			isa = PBXTargetDependency;
			target = D5454F7D1BAC08BC0059D4DC /* PubnativeDemo WatchKit 1 App */;
			targetProxy = D5454F801BAC08BC0059D4DC /* PBXContainerItemProxy */;
		};
		D5454F8A1BAC08BC0059D4DC /* PBXTargetDependency */ = {
			isa = PBXTargetDependency;
			target = D5454F731BAC08BC0059D4DC /* PubnativeDemo WatchKit 1 Extension */;
			targetProxy = D5454F891BAC08BC0059D4DC /* PBXContainerItemProxy */;
		};
/* End PBXTargetDependency section */

/* Begin PBXVariantGroup section */
		D5454F831BAC08BC0059D4DC /* Interface.storyboard */ = {
			isa = PBXVariantGroup;
			children = (
				D5454F841BAC08BC0059D4DC /* Base */,
			);
			name = Interface.storyboard;
			sourceTree = "<group>";
		};
		D5E11A671A12177B001109A1 /* Main.storyboard */ = {
			isa = PBXVariantGroup;
			children = (
				D5E11A681A12177B001109A1 /* Base */,
			);
			name = Main.storyboard;
			sourceTree = "<group>";
		};
		D5E11A6C1A12177B001109A1 /* LaunchScreen.xib */ = {
			isa = PBXVariantGroup;
			children = (
				D5E11A6D1A12177B001109A1 /* Base */,
			);
			name = LaunchScreen.xib;
			sourceTree = "<group>";
		};
/* End PBXVariantGroup section */

/* Begin XCBuildConfiguration section */
		D5454F8C1BAC08BC0059D4DC /* Debug */ = {
			isa = XCBuildConfiguration;
			buildSettings = {
				DEBUG_INFORMATION_FORMAT = dwarf;
				ENABLE_TESTABILITY = YES;
				GCC_NO_COMMON_BLOCKS = YES;
				INFOPLIST_FILE = "PubnativeDemo WatchKit 1 Extension/Info.plist";
				IPHONEOS_DEPLOYMENT_TARGET = 9.0;
				LD_RUNPATH_SEARCH_PATHS = "$(inherited) @executable_path/Frameworks @executable_path/../../Frameworks";
				PRODUCT_BUNDLE_IDENTIFIER = com.pubnative.library.demo.watchkitextension;
				PRODUCT_NAME = "${TARGET_NAME}";
				SKIP_INSTALL = YES;
			};
			name = Debug;
		};
		D5454F8D1BAC08BC0059D4DC /* Release */ = {
			isa = XCBuildConfiguration;
			buildSettings = {
				COPY_PHASE_STRIP = NO;
				DEBUG_INFORMATION_FORMAT = "dwarf-with-dsym";
				GCC_NO_COMMON_BLOCKS = YES;
				INFOPLIST_FILE = "PubnativeDemo WatchKit 1 Extension/Info.plist";
				IPHONEOS_DEPLOYMENT_TARGET = 9.0;
				LD_RUNPATH_SEARCH_PATHS = "$(inherited) @executable_path/Frameworks @executable_path/../../Frameworks";
				PRODUCT_BUNDLE_IDENTIFIER = com.pubnative.library.demo.watchkitextension;
				PRODUCT_NAME = "${TARGET_NAME}";
				SKIP_INSTALL = YES;
			};
			name = Release;
		};
		D5454F8E1BAC08BC0059D4DC /* Debug */ = {
			isa = XCBuildConfiguration;
			buildSettings = {
				ASSETCATALOG_COMPILER_APPICON_NAME = AppIcon;
				DEBUG_INFORMATION_FORMAT = dwarf;
				ENABLE_TESTABILITY = YES;
				GCC_NO_COMMON_BLOCKS = YES;
				IBSC_MODULE = PubnativeDemo_WatchKit_1_Extension;
				INFOPLIST_FILE = "PubnativeDemo WatchKit 1 App/Info.plist";
				IPHONEOS_DEPLOYMENT_TARGET = 9.0;
				PRODUCT_BUNDLE_IDENTIFIER = com.pubnative.library.demo.watchkitapp;
				PRODUCT_NAME = "$(TARGET_NAME)";
				SKIP_INSTALL = YES;
				TARGETED_DEVICE_FAMILY = 4;
				"TARGETED_DEVICE_FAMILY[sdk=iphonesimulator*]" = "1,4";
			};
			name = Debug;
		};
		D5454F8F1BAC08BC0059D4DC /* Release */ = {
			isa = XCBuildConfiguration;
			buildSettings = {
				ASSETCATALOG_COMPILER_APPICON_NAME = AppIcon;
				COPY_PHASE_STRIP = NO;
				DEBUG_INFORMATION_FORMAT = "dwarf-with-dsym";
				GCC_NO_COMMON_BLOCKS = YES;
				IBSC_MODULE = PubnativeDemo_WatchKit_1_Extension;
				INFOPLIST_FILE = "PubnativeDemo WatchKit 1 App/Info.plist";
				IPHONEOS_DEPLOYMENT_TARGET = 9.0;
				PRODUCT_BUNDLE_IDENTIFIER = com.pubnative.library.demo.watchkitapp;
				PRODUCT_NAME = "$(TARGET_NAME)";
				SKIP_INSTALL = YES;
				TARGETED_DEVICE_FAMILY = 4;
				"TARGETED_DEVICE_FAMILY[sdk=iphonesimulator*]" = "1,4";
			};
			name = Release;
		};
		D5E11A7B1A12177B001109A1 /* Debug */ = {
			isa = XCBuildConfiguration;
			buildSettings = {
				ALWAYS_SEARCH_USER_PATHS = NO;
				CLANG_CXX_LANGUAGE_STANDARD = "gnu++0x";
				CLANG_CXX_LIBRARY = "libc++";
				CLANG_ENABLE_MODULES = YES;
				CLANG_ENABLE_OBJC_ARC = YES;
				CLANG_WARN_BOOL_CONVERSION = YES;
				CLANG_WARN_CONSTANT_CONVERSION = YES;
				CLANG_WARN_DIRECT_OBJC_ISA_USAGE = YES_ERROR;
				CLANG_WARN_EMPTY_BODY = YES;
				CLANG_WARN_ENUM_CONVERSION = YES;
				CLANG_WARN_INT_CONVERSION = YES;
				CLANG_WARN_OBJC_ROOT_CLASS = YES_ERROR;
				CLANG_WARN_UNREACHABLE_CODE = YES;
				CLANG_WARN__DUPLICATE_METHOD_MATCH = YES;
				"CODE_SIGN_IDENTITY[sdk=iphoneos*]" = "iPhone Developer";
				COPY_PHASE_STRIP = NO;
				ENABLE_STRICT_OBJC_MSGSEND = YES;
				GCC_C_LANGUAGE_STANDARD = gnu99;
				GCC_DYNAMIC_NO_PIC = NO;
				GCC_OPTIMIZATION_LEVEL = 0;
				GCC_PREPROCESSOR_DEFINITIONS = (
					"DEBUG=1",
					"$(inherited)",
				);
				GCC_SYMBOLS_PRIVATE_EXTERN = NO;
				GCC_WARN_64_TO_32_BIT_CONVERSION = YES;
				GCC_WARN_ABOUT_RETURN_TYPE = YES_ERROR;
				GCC_WARN_UNDECLARED_SELECTOR = YES;
				GCC_WARN_UNINITIALIZED_AUTOS = YES_AGGRESSIVE;
				GCC_WARN_UNUSED_FUNCTION = YES;
				GCC_WARN_UNUSED_VARIABLE = YES;
				IPHONEOS_DEPLOYMENT_TARGET = 8.0;
				MTL_ENABLE_DEBUG_INFO = YES;
				ONLY_ACTIVE_ARCH = YES;
				SDKROOT = iphoneos;
				TARGETED_DEVICE_FAMILY = "1,2";
			};
			name = Debug;
		};
		D5E11A7C1A12177B001109A1 /* Release */ = {
			isa = XCBuildConfiguration;
			buildSettings = {
				ALWAYS_SEARCH_USER_PATHS = NO;
				CLANG_CXX_LANGUAGE_STANDARD = "gnu++0x";
				CLANG_CXX_LIBRARY = "libc++";
				CLANG_ENABLE_MODULES = YES;
				CLANG_ENABLE_OBJC_ARC = YES;
				CLANG_WARN_BOOL_CONVERSION = YES;
				CLANG_WARN_CONSTANT_CONVERSION = YES;
				CLANG_WARN_DIRECT_OBJC_ISA_USAGE = YES_ERROR;
				CLANG_WARN_EMPTY_BODY = YES;
				CLANG_WARN_ENUM_CONVERSION = YES;
				CLANG_WARN_INT_CONVERSION = YES;
				CLANG_WARN_OBJC_ROOT_CLASS = YES_ERROR;
				CLANG_WARN_UNREACHABLE_CODE = YES;
				CLANG_WARN__DUPLICATE_METHOD_MATCH = YES;
				"CODE_SIGN_IDENTITY[sdk=iphoneos*]" = "iPhone Developer";
				COPY_PHASE_STRIP = YES;
				ENABLE_NS_ASSERTIONS = NO;
				ENABLE_STRICT_OBJC_MSGSEND = YES;
				GCC_C_LANGUAGE_STANDARD = gnu99;
				GCC_WARN_64_TO_32_BIT_CONVERSION = YES;
				GCC_WARN_ABOUT_RETURN_TYPE = YES_ERROR;
				GCC_WARN_UNDECLARED_SELECTOR = YES;
				GCC_WARN_UNINITIALIZED_AUTOS = YES_AGGRESSIVE;
				GCC_WARN_UNUSED_FUNCTION = YES;
				GCC_WARN_UNUSED_VARIABLE = YES;
				IPHONEOS_DEPLOYMENT_TARGET = 8.0;
				MTL_ENABLE_DEBUG_INFO = NO;
				SDKROOT = iphoneos;
				TARGETED_DEVICE_FAMILY = "1,2";
				VALIDATE_PRODUCT = YES;
			};
			name = Release;
		};
		D5E11A7E1A12177B001109A1 /* Debug */ = {
			isa = XCBuildConfiguration;
			buildSettings = {
				ASSETCATALOG_COMPILER_APPICON_NAME = AppIcon;
				ASSETCATALOG_COMPILER_LAUNCHIMAGE_NAME = LaunchImage;
				INFOPLIST_FILE = "$(SRCROOT)/PubNativeDemo/Info.plist";
				IPHONEOS_DEPLOYMENT_TARGET = 6.1;
				LD_RUNPATH_SEARCH_PATHS = "$(inherited) @executable_path/Frameworks";
				PRODUCT_BUNDLE_IDENTIFIER = com.pubnative.library.demo;
				PRODUCT_NAME = "$(TARGET_NAME)";
			};
			name = Debug;
		};
		D5E11A7F1A12177B001109A1 /* Release */ = {
			isa = XCBuildConfiguration;
			buildSettings = {
				ASSETCATALOG_COMPILER_APPICON_NAME = AppIcon;
				ASSETCATALOG_COMPILER_LAUNCHIMAGE_NAME = LaunchImage;
				CODE_SIGN_RESOURCE_RULES_PATH = "$(SDKROOT)/ResourceRules.plist";
				INFOPLIST_FILE = "$(SRCROOT)/PubNativeDemo/Info.plist";
				IPHONEOS_DEPLOYMENT_TARGET = 6.1;
				LD_RUNPATH_SEARCH_PATHS = "$(inherited) @executable_path/Frameworks";
				PRODUCT_BUNDLE_IDENTIFIER = com.pubnative.library.demo;
				PRODUCT_NAME = "$(TARGET_NAME)";
			};
			name = Release;
		};
/* End XCBuildConfiguration section */

/* Begin XCConfigurationList section */
		D5454F901BAC08BC0059D4DC /* Build configuration list for PBXNativeTarget "PubnativeDemo WatchKit 1 App" */ = {
			isa = XCConfigurationList;
			buildConfigurations = (
				D5454F8E1BAC08BC0059D4DC /* Debug */,
				D5454F8F1BAC08BC0059D4DC /* Release */,
			);
			defaultConfigurationIsVisible = 0;
			defaultConfigurationName = Release;
		};
		D5454F911BAC08BC0059D4DC /* Build configuration list for PBXNativeTarget "PubnativeDemo WatchKit 1 Extension" */ = {
			isa = XCConfigurationList;
			buildConfigurations = (
				D5454F8C1BAC08BC0059D4DC /* Debug */,
				D5454F8D1BAC08BC0059D4DC /* Release */,
			);
			defaultConfigurationIsVisible = 0;
			defaultConfigurationName = Release;
		};
		D5E11A551A12177B001109A1 /* Build configuration list for PBXProject "PubNativeDemo" */ = {
			isa = XCConfigurationList;
			buildConfigurations = (
				D5E11A7B1A12177B001109A1 /* Debug */,
				D5E11A7C1A12177B001109A1 /* Release */,
			);
			defaultConfigurationIsVisible = 0;
			defaultConfigurationName = Release;
		};
		D5E11A7D1A12177B001109A1 /* Build configuration list for PBXNativeTarget "PubnativeDemo" */ = {
			isa = XCConfigurationList;
			buildConfigurations = (
				D5E11A7E1A12177B001109A1 /* Debug */,
				D5E11A7F1A12177B001109A1 /* Release */,
			);
			defaultConfigurationIsVisible = 0;
			defaultConfigurationName = Release;
		};
/* End XCConfigurationList section */
	};
	rootObject = D5E11A521A12177B001109A1 /* Project object */;
}
